
Microsoft Visual Studio Solution File, Format Version 12.00
# Visual Studio Version 17
VisualStudioVersion = 17.0.31903.59
MinimumVisualStudioVersion = 10.0.40219.1
Project("{2150E333-8FDC-42A3-9474-1A3956D46DE8}") = "src", "src", "{FFBCE977-3523-48AE-B57A-CAF420711604}"
EndProject
Project("{FAE04EC0-301F-11D3-BF4B-00C04F79EFBC}") = "PipelineTFM", "src\PipelineTFM\PipelineTFM.csproj", "{17CA90CE-0EC9-416A-88A3-5F96EA6D84F5}"
EndProject
Project("{2150E333-8FDC-42A3-9474-1A3956D46DE8}") = "test", "test", "{390C47AF-FE4F-4E6D-8599-64F613E10B87}"
EndProject
Project("{FAE04EC0-301F-11D3-BF4B-00C04F79EFBC}") = "PipelineTFM.Test", "test\PipelineTFM.Test\PipelineTFM.Test.csproj", "{BF12040D-8A21-481A-8C83-47C67A4A54EB}"
EndProject
Project("{FAE04EC0-301F-11D3-BF4B-00C04F79EFBC}") = "PipelineTFM.Crosscutting", "src\PipelineTFM.Crosscutting\PipelineTFM.Crosscutting.csproj", "{6E4236FF-C41B-4219-8E33-2672DB9CD6CE}"
EndProject
Project("{FAE04EC0-301F-11D3-BF4B-00C04F79EFBC}") = "PipelineTFM.Domain", "src\PipelineTFM.Domain\PipelineTFM.Domain.csproj", "{87AF3994-4516-43B6-8B88-3578A1FED3F1}"
EndProject
Project("{FAE04EC0-301F-11D3-BF4B-00C04F79EFBC}") = "PipelineTFM.Dto", "src\PipelineTFM.Dto\PipelineTFM.Dto.csproj", "{7FECE666-0894-48A7-A5A6-0950A84D1757}"
EndProject
Project("{FAE04EC0-301F-11D3-BF4B-00C04F79EFBC}") = "PipelineTFM.Domain.Services", "src\PipelineTFM.Domain.Services\PipelineTFM.Domain.Services.csproj", "{1A8D81F0-D009-4345-B5E7-FECFD36D42EB}"
EndProject
Project("{FAE04EC0-301F-11D3-BF4B-00C04F79EFBC}") = "PipelineTFM.Infrastructure", "src\PipelineTFM.Infrastructure\PipelineTFM.Infrastructure.csproj", "{02184177-F0F3-44BD-B7EB-2EC6E26B93E2}"
EndProject
Global
	GlobalSection(SolutionConfigurationPlatforms) = preSolution
		Debug|Any CPU = Debug|Any CPU
		Release|Any CPU = Release|Any CPU
	EndGlobalSection
	GlobalSection(SolutionProperties) = preSolution
		HideSolutionNode = FALSE
	EndGlobalSection
	GlobalSection(ProjectConfigurationPlatforms) = postSolution
		{17CA90CE-0EC9-416A-88A3-5F96EA6D84F5}.Debug|Any CPU.ActiveCfg = Debug|Any CPU
		{17CA90CE-0EC9-416A-88A3-5F96EA6D84F5}.Debug|Any CPU.Build.0 = Debug|Any CPU
		{17CA90CE-0EC9-416A-88A3-5F96EA6D84F5}.Release|Any CPU.ActiveCfg = Release|Any CPU
		{17CA90CE-0EC9-416A-88A3-5F96EA6D84F5}.Release|Any CPU.Build.0 = Release|Any CPU
		{BF12040D-8A21-481A-8C83-47C67A4A54EB}.Debug|Any CPU.ActiveCfg = Debug|Any CPU
		{BF12040D-8A21-481A-8C83-47C67A4A54EB}.Debug|Any CPU.Build.0 = Debug|Any CPU
		{BF12040D-8A21-481A-8C83-47C67A4A54EB}.Release|Any CPU.ActiveCfg = Release|Any CPU
		{BF12040D-8A21-481A-8C83-47C67A4A54EB}.Release|Any CPU.Build.0 = Release|Any CPU
		{6E4236FF-C41B-4219-8E33-2672DB9CD6CE}.Debug|Any CPU.ActiveCfg = Debug|Any CPU
		{6E4236FF-C41B-4219-8E33-2672DB9CD6CE}.Debug|Any CPU.Build.0 = Debug|Any CPU
		{6E4236FF-C41B-4219-8E33-2672DB9CD6CE}.Release|Any CPU.ActiveCfg = Release|Any CPU
		{6E4236FF-C41B-4219-8E33-2672DB9CD6CE}.Release|Any CPU.Build.0 = Release|Any CPU
		{87AF3994-4516-43B6-8B88-3578A1FED3F1}.Debug|Any CPU.ActiveCfg = Debug|Any CPU
		{87AF3994-4516-43B6-8B88-3578A1FED3F1}.Debug|Any CPU.Build.0 = Debug|Any CPU
		{87AF3994-4516-43B6-8B88-3578A1FED3F1}.Release|Any CPU.ActiveCfg = Release|Any CPU
		{87AF3994-4516-43B6-8B88-3578A1FED3F1}.Release|Any CPU.Build.0 = Release|Any CPU
		{7FECE666-0894-48A7-A5A6-0950A84D1757}.Debug|Any CPU.ActiveCfg = Debug|Any CPU
		{7FECE666-0894-48A7-A5A6-0950A84D1757}.Debug|Any CPU.Build.0 = Debug|Any CPU
		{7FECE666-0894-48A7-A5A6-0950A84D1757}.Release|Any CPU.ActiveCfg = Release|Any CPU
		{7FECE666-0894-48A7-A5A6-0950A84D1757}.Release|Any CPU.Build.0 = Release|Any CPU
		{1A8D81F0-D009-4345-B5E7-FECFD36D42EB}.Debug|Any CPU.ActiveCfg = Debug|Any CPU
		{1A8D81F0-D009-4345-B5E7-FECFD36D42EB}.Debug|Any CPU.Build.0 = Debug|Any CPU
		{1A8D81F0-D009-4345-B5E7-FECFD36D42EB}.Release|Any CPU.ActiveCfg = Release|Any CPU
		{1A8D81F0-D009-4345-B5E7-FECFD36D42EB}.Release|Any CPU.Build.0 = Release|Any CPU
		{02184177-F0F3-44BD-B7EB-2EC6E26B93E2}.Debug|Any CPU.ActiveCfg = Debug|Any CPU
		{02184177-F0F3-44BD-B7EB-2EC6E26B93E2}.Debug|Any CPU.Build.0 = Debug|Any CPU
		{02184177-F0F3-44BD-B7EB-2EC6E26B93E2}.Release|Any CPU.ActiveCfg = Release|Any CPU
		{02184177-F0F3-44BD-B7EB-2EC6E26B93E2}.Release|Any CPU.Build.0 = Release|Any CPU
	EndGlobalSection
	GlobalSection(NestedProjects) = preSolution
		{17CA90CE-0EC9-416A-88A3-5F96EA6D84F5} = {FFBCE977-3523-48AE-B57A-CAF420711604}
		{BF12040D-8A21-481A-8C83-47C67A4A54EB} = {390C47AF-FE4F-4E6D-8599-64F613E10B87}
		{6E4236FF-C41B-4219-8E33-2672DB9CD6CE} = {FFBCE977-3523-48AE-B57A-CAF420711604}
		{87AF3994-4516-43B6-8B88-3578A1FED3F1} = {FFBCE977-3523-48AE-B57A-CAF420711604}
		{7FECE666-0894-48A7-A5A6-0950A84D1757} = {FFBCE977-3523-48AE-B57A-CAF420711604}
		{1A8D81F0-D009-4345-B5E7-FECFD36D42EB} = {FFBCE977-3523-48AE-B57A-CAF420711604}
		{02184177-F0F3-44BD-B7EB-2EC6E26B93E2} = {FFBCE977-3523-48AE-B57A-CAF420711604}
	EndGlobalSection
EndGlobal
